<?xml version="1.0" encoding="utf-8"?>
<Project ToolsVersion="4.0" xmlns="http://schemas.microsoft.com/developer/msbuild/2003">
  <ItemGroup>
    <Filter Include="Source Files">
      <UniqueIdentifier>{4FC737F1-C7A5-4376-A066-2A32D752A2FF}</UniqueIdentifier>
      <Extensions>cpp;c;cc;cxx;def;odl;idl;hpj;bat;asm;asmx</Extensions>
    </Filter>
    <Filter Include="Header Files">
      <UniqueIdentifier>{93995380-89BD-4b04-88EB-625FBE52EBFB}</UniqueIdentifier>
      <Extensions>h;hh;hpp;hxx;hm;inl;inc;xsd</Extensions>
    </Filter>
    <Filter Include="Resource Files">
      <UniqueIdentifier>{67DA6AB6-F800-4c08-8B7A-83BB121AAD01}</UniqueIdentifier>
      <Extensions>rc;ico;cur;bmp;dlg;rc2;rct;bin;rgs;gif;jpg;jpeg;jpe;resx;tiff;tif;png;wav;mfcribbon-ms</Extensions>
    </Filter>
    <Filter Include="Source Files\goals">
      <UniqueIdentifier>{b8e7abf1-c7b9-4b1a-9afb-07ae619dd81c}</UniqueIdentifier>
    </Filter>
    <Filter Include="Header Files\Movegoals">
      <UniqueIdentifier>{347635ec-d8b5-4625-bc1d-76fd984ab465}</UniqueIdentifier>
    </Filter>
    <Filter Include="shaders">
      <UniqueIdentifier>{9774382b-ebe6-4eac-94cd-a88d5ee73daf}</UniqueIdentifier>
    </Filter>
    <Filter Include="common">
      <UniqueIdentifier>{9ea7bee9-6fe6-4c64-9b7b-0cb09d856b3b}</UniqueIdentifier>
    </Filter>
  </ItemGroup>
  <ItemGroup>
    <Text Include="ReadMe.txt" />
  </ItemGroup>
  <ItemGroup>
    <ClInclude Include="stdafx.h">
      <Filter>Header Files</Filter>
    </ClInclude>
    <ClInclude Include="targetver.h">
      <Filter>Header Files</Filter>
    </ClInclude>
    <ClInclude Include="Movegoal.h">
      <Filter>Header Files</Filter>
    </ClInclude>
    <ClInclude Include="BasicEntity.h">
      <Filter>Header Files</Filter>
    </ClInclude>
    <ClInclude Include="GoalMoveToLocation.h">
      <Filter>Header Files\Movegoals</Filter>
    </ClInclude>
    <ClInclude Include="Enclave.h">
      <Filter>Header Files</Filter>
    </ClInclude>
    <ClInclude Include="EnclaveManifest.h">
      <Filter>Header Files</Filter>
    </ClInclude>
    <ClInclude Include="VertexReadingOrder.h">
      <Filter>Header Files</Filter>
    </ClInclude>
    <ClInclude Include="ProtoLegacy.h">
      <Filter>Header Files</Filter>
    </ClInclude>
    <ClInclude Include="EnclaveKeyDef.h">
      <Filter>Header Files</Filter>
    </ClInclude>
    <ClInclude Include="EnclaveMatrix.h">
      <Filter>Header Files</Filter>
    </ClInclude>
    <ClInclude Include="EnclaveMultiJob.h">
      <Filter>Header Files</Filter>
    </ClInclude>
    <ClInclude Include="ManifestCollectionMatrix.h">
      <Filter>Header Files</Filter>
    </ClInclude>
    <ClInclude Include="PathTraceContainer.h">
      <Filter>Header Files</Filter>
    </ClInclude>
    <ClInclude Include="ManifestCollection.h">
      <Filter>Header Files</Filter>
    </ClInclude>
    <ClInclude Include="EnclaveCollectionMatrix.h">
      <Filter>Header Files</Filter>
    </ClInclude>
    <ClInclude Include="RenderCollection.h">
      <Filter>Header Files</Filter>
    </ClInclude>
    <ClInclude Include="RenderCollectionMatrix.h">
      <Filter>Header Files</Filter>
    </ClInclude>
    <ClInclude Include="shader.hpp">
      <Filter>Header Files</Filter>
    </ClInclude>
    <ClInclude Include="common\shader.hpp">
      <Filter>Header Files</Filter>
    </ClInclude>
    <ClInclude Include="OrganicSystem.h">
      <Filter>Header Files</Filter>
    </ClInclude>
    <ClInclude Include="EnclaveCollectionBlueprint.h">
      <Filter>Header Files</Filter>
    </ClInclude>
    <ClInclude Include="EnclaveCollectionBlueprintMatrix.h">
      <Filter>Header Files</Filter>
    </ClInclude>
    <ClInclude Include="EnclaveCollectionMesh.h">
      <Filter>Header Files</Filter>
    </ClInclude>
    <ClInclude Include="EnclaveCollection.h">
      <Filter>Header Files</Filter>
    </ClInclude>
    <ClInclude Include="EnclavePainter.h">
      <Filter>Header Files</Filter>
    </ClInclude>
    <ClInclude Include="EnclavePainterList.h">
      <Filter>Header Files</Filter>
    </ClInclude>
    <ClInclude Include="EnclavePainterListMatrix.h">
      <Filter>Header Files</Filter>
    </ClInclude>
    <ClInclude Include="function_wrapper.h">
      <Filter>Header Files</Filter>
    </ClInclude>
    <ClInclude Include="thread_safe_queue.h">
      <Filter>Header Files</Filter>
    </ClInclude>
    <ClInclude Include="join_threads.h">
      <Filter>Header Files</Filter>
    </ClInclude>
    <ClInclude Include="thread_pool.h">
      <Filter>Header Files</Filter>
    </ClInclude>
    <ClInclude Include="EnclaveCollectionActivateList.h">
      <Filter>Header Files</Filter>
    </ClInclude>
    <ClInclude Include="dummwrapper.h">
      <Filter>Header Files</Filter>
    </ClInclude>
    <ClInclude Include="EnclaveCollectionActivateListT2.h">
      <Filter>Header Files</Filter>
    </ClInclude>
    <ClInclude Include="OrganicTextureMeta.h">
      <Filter>Header Files</Filter>
    </ClInclude>
    <ClInclude Include="OrganicTextureMetaArray.h">
      <Filter>Header Files</Filter>
    </ClInclude>
    <ClInclude Include="OrganicTextureDictionary.h">
      <Filter>Header Files</Filter>
    </ClInclude>
    <ClInclude Include="OrganicTextureCoords.h">
      <Filter>Header Files</Filter>
    </ClInclude>
    <ClInclude Include="OrganicFaceMeta.h">
      <Filter>Header Files</Filter>
    </ClInclude>
    <ClInclude Include="OrganicBlockMeta.h">
      <Filter>Header Files</Filter>
    </ClInclude>
    <ClInclude Include="MDJobMaterializeCollection.h">
      <Filter>Header Files</Filter>
    </ClInclude>
    <ClInclude Include="MDListJobMaterializeCollection.h">
      <Filter>Header Files</Filter>
    </ClInclude>
    <ClInclude Include="EnclaveManifestFactoryT1Storage.h">
      <Filter>Header Files</Filter>
    </ClInclude>
    <ClInclude Include="EnclaveManifestFactoryT1.h">
      <Filter>Header Files</Filter>
    </ClInclude>
    <ClInclude Include="EnclaveManifestFactoryT1Index.h">
      <Filter>Header Files</Filter>
    </ClInclude>
    <ClInclude Include="OrganicGLManager.h">
      <Filter>Header Files</Filter>
    </ClInclude>
    <ClInclude Include="OrganicGLRenderCollectionMeta.h">
      <Filter>Header Files</Filter>
    </ClInclude>
    <ClInclude Include="ECBXAxisCarvePlan.h">
      <Filter>Header Files</Filter>
    </ClInclude>
    <ClInclude Include="EnclaveUnveilMeta.h">
      <Filter>Header Files</Filter>
    </ClInclude>
    <ClInclude Include="EnclaveCollectionBorderFlags.h">
      <Filter>Header Files</Filter>
    </ClInclude>
    <ClInclude Include="ECBCollectionPainter.h">
      <Filter>Header Files</Filter>
    </ClInclude>
    <ClInclude Include="EnclaveKeyContainer.h">
      <Filter>Header Files</Filter>
    </ClInclude>
    <ClInclude Include="MaterializeCollectionListContainer.h">
      <Filter>Header Files</Filter>
    </ClInclude>
    <ClInclude Include="EnclaveDataFinder.h">
      <Filter>Header Files</Filter>
    </ClInclude>
    <ClInclude Include="TestList.h">
      <Filter>Header Files</Filter>
    </ClInclude>
    <ClInclude Include="OrganicVtxColorDictionary.h">
      <Filter>Header Files</Filter>
    </ClInclude>
    <ClInclude Include="OrganicVtxColorMetaArray.h">
      <Filter>Header Files</Filter>
    </ClInclude>
    <ClInclude Include="OrganicVtxColorMeta.h">
      <Filter>Header Files</Filter>
    </ClInclude>
    <ClInclude Include="OrganicVtxColorBlockMeta.h">
      <Filter>Header Files</Filter>
    </ClInclude>
    <ClInclude Include="OrganicVtxColorFaceMeta.h">
      <Filter>Header Files</Filter>
    </ClInclude>
    <ClInclude Include="OrganicVtxColorRGB.h">
      <Filter>Header Files</Filter>
    </ClInclude>
    <ClInclude Include="EnclaveNeighborMeta.h">
      <Filter>Header Files</Filter>
    </ClInclude>
    <ClInclude Include="OGLMBufferManager.h">
      <Filter>Header Files</Filter>
    </ClInclude>
    <ClInclude Include="EnclaveCollectionNeighborList.h">
      <Filter>Header Files</Filter>
    </ClInclude>
  </ItemGroup>
  <ItemGroup>
    <ClCompile Include="stdafx.cpp">
      <Filter>Source Files</Filter>
    </ClCompile>
    <ClCompile Include="ProtoLegacy.cpp">
      <Filter>Source Files</Filter>
    </ClCompile>
    <ClCompile Include="goalMoveToLocation.cpp">
      <Filter>Source Files\goals</Filter>
    </ClCompile>
    <ClCompile Include="Enclave.cpp">
      <Filter>Source Files</Filter>
    </ClCompile>
    <ClCompile Include="EnclaveManifest.cpp">
      <Filter>Source Files</Filter>
    </ClCompile>
    <ClCompile Include="VertexReadingOrder.cpp">
      <Filter>Source Files</Filter>
    </ClCompile>
    <ClCompile Include="EnclaveMatrix.cpp">
      <Filter>Source Files</Filter>
    </ClCompile>
    <ClCompile Include="EnclaveMultiJob.cpp">
      <Filter>Source Files</Filter>
    </ClCompile>
    <ClCompile Include="ManifestCollectionMatrix.cpp">
      <Filter>Source Files</Filter>
    </ClCompile>
    <ClCompile Include="ManifestCollection.cpp">
      <Filter>Source Files</Filter>
    </ClCompile>
    <ClCompile Include="RenderCollection.cpp">
      <Filter>Source Files</Filter>
    </ClCompile>
    <ClCompile Include="RenderCollectionMatrix.cpp">
      <Filter>Source Files</Filter>
    </ClCompile>
    <ClCompile Include="EnclaveCollectionMatrix.cpp">
      <Filter>Source Files</Filter>
    </ClCompile>
    <ClCompile Include="shader.cpp">
      <Filter>Source Files</Filter>
    </ClCompile>
    <ClCompile Include="OrganicSystem.cpp">
      <Filter>Source Files</Filter>
    </ClCompile>
    <ClCompile Include="EnclaveCollectionBlueprint.cpp">
      <Filter>Source Files</Filter>
    </ClCompile>
    <ClCompile Include="EnclaveCollectionMesh.cpp">
      <Filter>Source Files</Filter>
    </ClCompile>
    <ClCompile Include="EnclaveCollection.cpp">
      <Filter>Source Files</Filter>
    </ClCompile>
    <ClCompile Include="thread_safe_queue.cpp">
      <Filter>Source Files</Filter>
    </ClCompile>
    <ClCompile Include="thread_pool.cpp">
      <Filter>Source Files</Filter>
    </ClCompile>
    <ClCompile Include="function_wrapper.cpp">
      <Filter>Source Files</Filter>
    </ClCompile>
    <ClCompile Include="OrganicTextureMeta.cpp">
      <Filter>Source Files</Filter>
    </ClCompile>
    <ClCompile Include="OrganicTextureDictionary.cpp">
      <Filter>Source Files</Filter>
    </ClCompile>
    <ClCompile Include="MDJobMaterializeCollection.cpp">
      <Filter>Source Files</Filter>
    </ClCompile>
    <ClCompile Include="EnclaveManifestFactoryT1.cpp">
      <Filter>Source Files</Filter>
    </ClCompile>
    <ClCompile Include="OrganicGLManager.cpp">
      <Filter>Source Files</Filter>
    </ClCompile>
    <ClCompile Include="EnclaveCollectionBlueprintMatrix.cpp">
      <Filter>Source Files</Filter>
    </ClCompile>
    <ClCompile Include="OrganicVtxColorDictionary.cpp">
      <Filter>Source Files</Filter>
    </ClCompile>
    <ClCompile Include="OrganicVtxColorMeta.cpp">
      <Filter>Source Files</Filter>
    </ClCompile>
    <ClCompile Include="OGLMBufferManager.cpp">
      <Filter>Source Files</Filter>
    </ClCompile>
  </ItemGroup>
  <ItemGroup>
    <None Include="..\x64\Debug\SimpleFragmentShader.fragmentshader">
      <Filter>shaders</Filter>
    </None>
    <None Include="..\x64\Debug\SimpleTransform.vertexshader">
      <Filter>shaders</Filter>
    </None>
    <None Include="..\x64\Debug\TransformVertexShader.vertexshader">
      <Filter>shaders</Filter>
    </None>
    <None Include="..\x64\Debug\ColorFragmentShader.fragmentshader">
      <Filter>shaders</Filter>
    </None>
  </ItemGroup>
</Project>